// !$*UTF8*$!
{
	archiveVersion = 1;
	classes = {
	};
	objectVersion = 46;
	objects = {

/* Begin PBXBuildFile section */
		1305A51113A03FC0009C3DCF /* sortednames.plist in Resources */ = {isa = PBXBuildFile; fileRef = 1305A51013A03FC0009C3DCF /* sortednames.plist */; };
		13F4643E13A01007008D423C /* UIKit.framework in Frameworks */ = {isa = PBXBuildFile; fileRef = 13F4643D13A01007008D423C /* UIKit.framework */; };
		13F4644013A01007008D423C /* Foundation.framework in Frameworks */ = {isa = PBXBuildFile; fileRef = 13F4643F13A01007008D423C /* Foundation.framework */; };
		13F4644213A01007008D423C /* CoreGraphics.framework in Frameworks */ = {isa = PBXBuildFile; fileRef = 13F4644113A01007008D423C /* CoreGraphics.framework */; };
		13F4644813A01007008D423C /* InfoPlist.strings in Resources */ = {isa = PBXBuildFile; fileRef = 13F4644613A01007008D423C /* InfoPlist.strings */; };
		13F4644B13A01007008D423C /* main.m in Sources */ = {isa = PBXBuildFile; fileRef = 13F4644A13A01007008D423C /* main.m */; };
		13F4644E13A01007008D423C /* NavAppDelegate.m in Sources */ = {isa = PBXBuildFile; fileRef = 13F4644D13A01007008D423C /* NavAppDelegate.m */; };
		13F4645213A01007008D423C /* NavAppDelegate_iPhone.m in Sources */ = {isa = PBXBuildFile; fileRef = 13F4645113A01007008D423C /* NavAppDelegate_iPhone.m */; };
		13F4645513A01007008D423C /* MainWindow_iPhone.xib in Resources */ = {isa = PBXBuildFile; fileRef = 13F4645313A01007008D423C /* MainWindow_iPhone.xib */; };
		13F4646313A01007008D423C /* UIKit.framework in Frameworks */ = {isa = PBXBuildFile; fileRef = 13F4643D13A01007008D423C /* UIKit.framework */; };
		13F4646413A01007008D423C /* Foundation.framework in Frameworks */ = {isa = PBXBuildFile; fileRef = 13F4643F13A01007008D423C /* Foundation.framework */; };
		13F4646513A01007008D423C /* CoreGraphics.framework in Frameworks */ = {isa = PBXBuildFile; fileRef = 13F4644113A01007008D423C /* CoreGraphics.framework */; };
		13F4646D13A01007008D423C /* InfoPlist.strings in Resources */ = {isa = PBXBuildFile; fileRef = 13F4646B13A01007008D423C /* InfoPlist.strings */; };
		13F4647013A01007008D423C /* NavTests.h in Resources */ = {isa = PBXBuildFile; fileRef = 13F4646F13A01007008D423C /* NavTests.h */; };
		13F4647213A01007008D423C /* NavTests.m in Sources */ = {isa = PBXBuildFile; fileRef = 13F4647113A01007008D423C /* NavTests.m */; };
		13F4648413A0112E008D423C /* RootViewController.m in Sources */ = {isa = PBXBuildFile; fileRef = 13F4648313A0112E008D423C /* RootViewController.m */; };
		13F4648713A0150E008D423C /* SecondLevelViewController.m in Sources */ = {isa = PBXBuildFile; fileRef = 13F4648613A0150E008D423C /* SecondLevelViewController.m */; };
		13F4649113A02082008D423C /* button_down.png in Resources */ = {isa = PBXBuildFile; fileRef = 13F4648913A02082008D423C /* button_down.png */; };
		13F4649213A02082008D423C /* button_up.png in Resources */ = {isa = PBXBuildFile; fileRef = 13F4648A13A02082008D423C /* button_up.png */; };
		13F4649313A02082008D423C /* checkmarkControllerIcon.png in Resources */ = {isa = PBXBuildFile; fileRef = 13F4648B13A02082008D423C /* checkmarkControllerIcon.png */; };
		13F4649413A02082008D423C /* deleteMeIcon.png in Resources */ = {isa = PBXBuildFile; fileRef = 13F4648C13A02082008D423C /* deleteMeIcon.png */; };
		13F4649513A02082008D423C /* detailEditIcon.png in Resources */ = {isa = PBXBuildFile; fileRef = 13F4648D13A02082008D423C /* detailEditIcon.png */; };
		13F4649613A02082008D423C /* disclosureButtonControllerIcon.png in Resources */ = {isa = PBXBuildFile; fileRef = 13F4648E13A02082008D423C /* disclosureButtonControllerIcon.png */; };
		13F4649713A02082008D423C /* moveMeIcon.png in Resources */ = {isa = PBXBuildFile; fileRef = 13F4648F13A02082008D423C /* moveMeIcon.png */; };
		13F4649813A02082008D423C /* rowControlsIcon.png in Resources */ = {isa = PBXBuildFile; fileRef = 13F4649013A02082008D423C /* rowControlsIcon.png */; };
		13F4649C13A020EB008D423C /* DisclosureButtonController.m in Sources */ = {isa = PBXBuildFile; fileRef = 13F4649A13A020EB008D423C /* DisclosureButtonController.m */; };
		13F464A313A0214B008D423C /* DisclosureDetailController.m in Sources */ = {isa = PBXBuildFile; fileRef = 13F464A113A0214B008D423C /* DisclosureDetailController.m */; };
		13F464A413A0214B008D423C /* DisclosureDetailController.xib in Resources */ = {isa = PBXBuildFile; fileRef = 13F464A213A0214B008D423C /* DisclosureDetailController.xib */; };
		13F464A813A032EA008D423C /* ChecklistController.m in Sources */ = {isa = PBXBuildFile; fileRef = 13F464A713A032EA008D423C /* ChecklistController.m */; };
		13F464AC13A037D9008D423C /* RowControlsController.m in Sources */ = {isa = PBXBuildFile; fileRef = 13F464AB13A037D9008D423C /* RowControlsController.m */; };
		13F464B913A03849008D423C /* SectionsViewController.m in Sources */ = {isa = PBXBuildFile; fileRef = 13F464B713A03849008D423C /* SectionsViewController.m */; };
		13F464BA13A03849008D423C /* SectionsViewController.xib in Resources */ = {isa = PBXBuildFile; fileRef = 13F464B813A03849008D423C /* SectionsViewController.xib */; };
		13F464BD13A0384E008D423C /* NSDictionary-MutableDeepCopy.m in Sources */ = {isa = PBXBuildFile; fileRef = 13F464BC13A0384E008D423C /* NSDictionary-MutableDeepCopy.m */; };
/* End PBXBuildFile section */

/* Begin PBXContainerItemProxy section */
		13F4646613A01007008D423C /* PBXContainerItemProxy */ = {
			isa = PBXContainerItemProxy;
			containerPortal = 13F4643013A01007008D423C /* Project object */;
			proxyType = 1;
			remoteGlobalIDString = 13F4643813A01007008D423C;
			remoteInfo = Nav;
		};
/* End PBXContainerItemProxy section */

/* Begin PBXFileReference section */
		1305A51013A03FC0009C3DCF /* sortednames.plist */ = {isa = PBXFileReference; fileEncoding = 4; lastKnownFileType = text.plist.xml; path = sortednames.plist; sourceTree = "<group>"; };
		13F4643913A01007008D423C /* Nav.app */ = {isa = PBXFileReference; explicitFileType = wrapper.application; includeInIndex = 0; path = Nav.app; sourceTree = BUILT_PRODUCTS_DIR; };
		13F4643D13A01007008D423C /* UIKit.framework */ = {isa = PBXFileReference; lastKnownFileType = wrapper.framework; name = UIKit.framework; path = System/Library/Frameworks/UIKit.framework; sourceTree = SDKROOT; };
		13F4643F13A01007008D423C /* Foundation.framework */ = {isa = PBXFileReference; lastKnownFileType = wrapper.framework; name = Foundation.framework; path = System/Library/Frameworks/Foundation.framework; sourceTree = SDKROOT; };
		13F4644113A01007008D423C /* CoreGraphics.framework */ = {isa = PBXFileReference; lastKnownFileType = wrapper.framework; name = CoreGraphics.framework; path = System/Library/Frameworks/CoreGraphics.framework; sourceTree = SDKROOT; };
		13F4644513A01007008D423C /* Nav-Info.plist */ = {isa = PBXFileReference; lastKnownFileType = text.plist.xml; path = "Nav-Info.plist"; sourceTree = "<group>"; };
		13F4644713A01007008D423C /* en */ = {isa = PBXFileReference; lastKnownFileType = text.plist.strings; name = en; path = en.lproj/InfoPlist.strings; sourceTree = "<group>"; };
		13F4644913A01007008D423C /* Nav-Prefix.pch */ = {isa = PBXFileReference; lastKnownFileType = sourcecode.c.h; path = "Nav-Prefix.pch"; sourceTree = "<group>"; };
		13F4644A13A01007008D423C /* main.m */ = {isa = PBXFileReference; lastKnownFileType = sourcecode.c.objc; path = main.m; sourceTree = "<group>"; };
		13F4644C13A01007008D423C /* NavAppDelegate.h */ = {isa = PBXFileReference; lastKnownFileType = sourcecode.c.h; path = NavAppDelegate.h; sourceTree = "<group>"; };
		13F4644D13A01007008D423C /* NavAppDelegate.m */ = {isa = PBXFileReference; lastKnownFileType = sourcecode.c.objc; path = NavAppDelegate.m; sourceTree = "<group>"; };
		13F4645013A01007008D423C /* NavAppDelegate_iPhone.h */ = {isa = PBXFileReference; lastKnownFileType = sourcecode.c.h; name = NavAppDelegate_iPhone.h; path = iPhone/NavAppDelegate_iPhone.h; sourceTree = "<group>"; };
		13F4645113A01007008D423C /* NavAppDelegate_iPhone.m */ = {isa = PBXFileReference; lastKnownFileType = sourcecode.c.objc; name = NavAppDelegate_iPhone.m; path = iPhone/NavAppDelegate_iPhone.m; sourceTree = "<group>"; };
		13F4645413A01007008D423C /* en */ = {isa = PBXFileReference; lastKnownFileType = file.xib; name = en; path = iPhone/en.lproj/MainWindow_iPhone.xib; sourceTree = "<group>"; };
		13F4646213A01007008D423C /* NavTests.octest */ = {isa = PBXFileReference; explicitFileType = wrapper.cfbundle; includeInIndex = 0; path = NavTests.octest; sourceTree = BUILT_PRODUCTS_DIR; };
		13F4646A13A01007008D423C /* NavTests-Info.plist */ = {isa = PBXFileReference; lastKnownFileType = text.plist.xml; path = "NavTests-Info.plist"; sourceTree = "<group>"; };
		13F4646C13A01007008D423C /* en */ = {isa = PBXFileReference; lastKnownFileType = text.plist.strings; name = en; path = en.lproj/InfoPlist.strings; sourceTree = "<group>"; };
		13F4646E13A01007008D423C /* NavTests-Prefix.pch */ = {isa = PBXFileReference; lastKnownFileType = sourcecode.c.h; path = "NavTests-Prefix.pch"; sourceTree = "<group>"; };
		13F4646F13A01007008D423C /* NavTests.h */ = {isa = PBXFileReference; lastKnownFileType = sourcecode.c.h; path = NavTests.h; sourceTree = "<group>"; };
		13F4647113A01007008D423C /* NavTests.m */ = {isa = PBXFileReference; lastKnownFileType = sourcecode.c.objc; path = NavTests.m; sourceTree = "<group>"; };
		13F4648213A0112E008D423C /* RootViewController.h */ = {isa = PBXFileReference; fileEncoding = 4; lastKnownFileType = sourcecode.c.h; path = RootViewController.h; sourceTree = "<group>"; };
		13F4648313A0112E008D423C /* RootViewController.m */ = {isa = PBXFileReference; fileEncoding = 4; lastKnownFileType = sourcecode.c.objc; path = RootViewController.m; sourceTree = "<group>"; };
		13F4648513A0150E008D423C /* SecondLevelViewController.h */ = {isa = PBXFileReference; fileEncoding = 4; lastKnownFileType = sourcecode.c.h; path = SecondLevelViewController.h; sourceTree = "<group>"; };
		13F4648613A0150E008D423C /* SecondLevelViewController.m */ = {isa = PBXFileReference; fileEncoding = 4; lastKnownFileType = sourcecode.c.objc; path = SecondLevelViewController.m; sourceTree = "<group>"; };
		13F4648913A02082008D423C /* button_down.png */ = {isa = PBXFileReference; lastKnownFileType = image.png; path = button_down.png; sourceTree = "<group>"; };
		13F4648A13A02082008D423C /* button_up.png */ = {isa = PBXFileReference; lastKnownFileType = image.png; path = button_up.png; sourceTree = "<group>"; };
		13F4648B13A02082008D423C /* checkmarkControllerIcon.png */ = {isa = PBXFileReference; lastKnownFileType = image.png; path = checkmarkControllerIcon.png; sourceTree = "<group>"; };
		13F4648C13A02082008D423C /* deleteMeIcon.png */ = {isa = PBXFileReference; lastKnownFileType = image.png; path = deleteMeIcon.png; sourceTree = "<group>"; };
		13F4648D13A02082008D423C /* detailEditIcon.png */ = {isa = PBXFileReference; lastKnownFileType = image.png; path = detailEditIcon.png; sourceTree = "<group>"; };
		13F4648E13A02082008D423C /* disclosureButtonControllerIcon.png */ = {isa = PBXFileReference; lastKnownFileType = image.png; path = disclosureButtonControllerIcon.png; sourceTree = "<group>"; };
		13F4648F13A02082008D423C /* moveMeIcon.png */ = {isa = PBXFileReference; lastKnownFileType = image.png; path = moveMeIcon.png; sourceTree = "<group>"; };
		13F4649013A02082008D423C /* rowControlsIcon.png */ = {isa = PBXFileReference; lastKnownFileType = image.png; path = rowControlsIcon.png; sourceTree = "<group>"; };
		13F4649913A020EB008D423C /* DisclosureButtonController.h */ = {isa = PBXFileReference; fileEncoding = 4; lastKnownFileType = sourcecode.c.h; path = DisclosureButtonController.h; sourceTree = "<group>"; };
		13F4649A13A020EB008D423C /* DisclosureButtonController.m */ = {isa = PBXFileReference; fileEncoding = 4; lastKnownFileType = sourcecode.c.objc; path = DisclosureButtonController.m; sourceTree = "<group>"; };
		13F464A013A0214B008D423C /* DisclosureDetailController.h */ = {isa = PBXFileReference; fileEncoding = 4; lastKnownFileType = sourcecode.c.h; path = DisclosureDetailController.h; sourceTree = "<group>"; };
		13F464A113A0214B008D423C /* DisclosureDetailController.m */ = {isa = PBXFileReference; fileEncoding = 4; lastKnownFileType = sourcecode.c.objc; path = DisclosureDetailController.m; sourceTree = "<group>"; };
		13F464A213A0214B008D423C /* DisclosureDetailController.xib */ = {isa = PBXFileReference; fileEncoding = 4; lastKnownFileType = file.xib; path = DisclosureDetailController.xib; sourceTree = "<group>"; };
		13F464A613A032EA008D423C /* ChecklistController.h */ = {isa = PBXFileReference; fileEncoding = 4; lastKnownFileType = sourcecode.c.h; path = ChecklistController.h; sourceTree = "<group>"; };
		13F464A713A032EA008D423C /* ChecklistController.m */ = {isa = PBXFileReference; fileEncoding = 4; lastKnownFileType = sourcecode.c.objc; path = ChecklistController.m; sourceTree = "<group>"; };
		13F464AA13A037D9008D423C /* RowControlsController.h */ = {isa = PBXFileReference; fileEncoding = 4; lastKnownFileType = sourcecode.c.h; path = RowControlsController.h; sourceTree = "<group>"; };
		13F464AB13A037D9008D423C /* RowControlsController.m */ = {isa = PBXFileReference; fileEncoding = 4; lastKnownFileType = sourcecode.c.objc; path = RowControlsController.m; sourceTree = "<group>"; };
		13F464B613A03849008D423C /* SectionsViewController.h */ = {isa = PBXFileReference; fileEncoding = 4; lastKnownFileType = sourcecode.c.h; path = SectionsViewController.h; sourceTree = "<group>"; };
		13F464B713A03849008D423C /* SectionsViewController.m */ = {isa = PBXFileReference; fileEncoding = 4; lastKnownFileType = sourcecode.c.objc; path = SectionsViewController.m; sourceTree = "<group>"; };
		13F464B813A03849008D423C /* SectionsViewController.xib */ = {isa = PBXFileReference; fileEncoding = 4; lastKnownFileType = file.xib; path = SectionsViewController.xib; sourceTree = "<group>"; };
		13F464BB13A0384E008D423C /* NSDictionary-MutableDeepCopy.h */ = {isa = PBXFileReference; fileEncoding = 4; lastKnownFileType = sourcecode.c.h; path = "NSDictionary-MutableDeepCopy.h"; sourceTree = "<group>"; };
		13F464BC13A0384E008D423C /* NSDictionary-MutableDeepCopy.m */ = {isa = PBXFileReference; fileEncoding = 4; lastKnownFileType = sourcecode.c.objc; path = "NSDictionary-MutableDeepCopy.m"; sourceTree = "<group>"; };
/* End PBXFileReference section */

/* Begin PBXFrameworksBuildPhase section */
		13F4643613A01007008D423C /* Frameworks */ = {
			isa = PBXFrameworksBuildPhase;
			buildActionMask = 2147483647;
			files = (
				13F4643E13A01007008D423C /* UIKit.framework in Frameworks */,
				13F4644013A01007008D423C /* Foundation.framework in Frameworks */,
				13F4644213A01007008D423C /* CoreGraphics.framework in Frameworks */,
			);
			runOnlyForDeploymentPostprocessing = 0;
		};
		13F4645E13A01007008D423C /* Frameworks */ = {
			isa = PBXFrameworksBuildPhase;
			buildActionMask = 2147483647;
			files = (
				13F4646313A01007008D423C /* UIKit.framework in Frameworks */,
				13F4646413A01007008D423C /* Foundation.framework in Frameworks */,
				13F4646513A01007008D423C /* CoreGraphics.framework in Frameworks */,
			);
			runOnlyForDeploymentPostprocessing = 0;
		};
/* End PBXFrameworksBuildPhase section */

/* Begin PBXGroup section */
		13F4642E13A01007008D423C = {
			isa = PBXGroup;
			children = (
				13F4644313A01007008D423C /* Nav */,
				13F4646813A01007008D423C /* NavTests */,
				13F4643C13A01007008D423C /* Frameworks */,
				13F4643A13A01007008D423C /* Products */,
			);
			sourceTree = "<group>";
		};
		13F4643A13A01007008D423C /* Products */ = {
			isa = PBXGroup;
			children = (
				13F4643913A01007008D423C /* Nav.app */,
				13F4646213A01007008D423C /* NavTests.octest */,
			);
			name = Products;
			sourceTree = "<group>";
		};
		13F4643C13A01007008D423C /* Frameworks */ = {
			isa = PBXGroup;
			children = (
				13F4643D13A01007008D423C /* UIKit.framework */,
				13F4643F13A01007008D423C /* Foundation.framework */,
				13F4644113A01007008D423C /* CoreGraphics.framework */,
			);
			name = Frameworks;
			sourceTree = "<group>";
		};
		13F4644313A01007008D423C /* Nav */ = {
			isa = PBXGroup;
			children = (
				13F4644C13A01007008D423C /* NavAppDelegate.h */,
				13F4644D13A01007008D423C /* NavAppDelegate.m */,
				13F4644F13A01007008D423C /* iPhone */,
				13F4644413A01007008D423C /* Supporting Files */,
			);
			path = Nav;
			sourceTree = "<group>";
		};
		13F4644413A01007008D423C /* Supporting Files */ = {
			isa = PBXGroup;
			children = (
				13F4644513A01007008D423C /* Nav-Info.plist */,
				13F4644613A01007008D423C /* InfoPlist.strings */,
				13F4644913A01007008D423C /* Nav-Prefix.pch */,
				13F4644A13A01007008D423C /* main.m */,
			);
			name = "Supporting Files";
			sourceTree = "<group>";
		};
		13F4644F13A01007008D423C /* iPhone */ = {
			isa = PBXGroup;
			children = (
				13F4648813A0205E008D423C /* Resources */,
				13F4647C13A01054008D423C /* GUI */,
				13F4647B13A0104A008D423C /* Classes */,
			);
			name = iPhone;
			sourceTree = "<group>";
		};
		13F4646813A01007008D423C /* NavTests */ = {
			isa = PBXGroup;
			children = (
				13F4646F13A01007008D423C /* NavTests.h */,
				13F4647113A01007008D423C /* NavTests.m */,
				13F4646913A01007008D423C /* Supporting Files */,
			);
			path = NavTests;
			sourceTree = "<group>";
		};
		13F4646913A01007008D423C /* Supporting Files */ = {
			isa = PBXGroup;
			children = (
				13F4646A13A01007008D423C /* NavTests-Info.plist */,
				13F4646B13A01007008D423C /* InfoPlist.strings */,
				13F4646E13A01007008D423C /* NavTests-Prefix.pch */,
			);
			name = "Supporting Files";
			sourceTree = "<group>";
		};
		13F4647B13A0104A008D423C /* Classes */ = {
			isa = PBXGroup;
			children = (
				13F464B513A0383B008D423C /* SearchSections */,
				13F464A913A037BB008D423C /* RowControls */,
				13F464A513A032D5008D423C /* Checklist */,
				13F4649F13A02124008D423C /* DisclosureBar */,
				13F4649E13A02115008D423C /* RootLevel */,
			);
			name = Classes;
			sourceTree = "<group>";
		};
		13F4647C13A01054008D423C /* GUI */ = {
			isa = PBXGroup;
			children = (
				13F4645313A01007008D423C /* MainWindow_iPhone.xib */,
			);
			name = GUI;
			sourceTree = "<group>";
		};
		13F4648813A0205E008D423C /* Resources */ = {
			isa = PBXGroup;
			children = (
				13F4648913A02082008D423C /* button_down.png */,
				13F4648A13A02082008D423C /* button_up.png */,
				13F4648B13A02082008D423C /* checkmarkControllerIcon.png */,
				13F4648C13A02082008D423C /* deleteMeIcon.png */,
				13F4648D13A02082008D423C /* detailEditIcon.png */,
				13F4648E13A02082008D423C /* disclosureButtonControllerIcon.png */,
				13F4648F13A02082008D423C /* moveMeIcon.png */,
				13F4649013A02082008D423C /* rowControlsIcon.png */,
			);
			name = Resources;
			sourceTree = "<group>";
		};
		13F4649E13A02115008D423C /* RootLevel */ = {
			isa = PBXGroup;
			children = (
				13F4645013A01007008D423C /* NavAppDelegate_iPhone.h */,
				13F4645113A01007008D423C /* NavAppDelegate_iPhone.m */,
				13F4648213A0112E008D423C /* RootViewController.h */,
				13F4648313A0112E008D423C /* RootViewController.m */,
				13F4648513A0150E008D423C /* SecondLevelViewController.h */,
				13F4648613A0150E008D423C /* SecondLevelViewController.m */,
			);
			name = RootLevel;
			sourceTree = "<group>";
		};
		13F4649F13A02124008D423C /* DisclosureBar */ = {
			isa = PBXGroup;
			children = (
				13F4649913A020EB008D423C /* DisclosureButtonController.h */,
				13F4649A13A020EB008D423C /* DisclosureButtonController.m */,
				13F464A013A0214B008D423C /* DisclosureDetailController.h */,
				13F464A113A0214B008D423C /* DisclosureDetailController.m */,
				13F464A213A0214B008D423C /* DisclosureDetailController.xib */,
			);
			name = DisclosureBar;
			sourceTree = "<group>";
		};
		13F464A513A032D5008D423C /* Checklist */ = {
			isa = PBXGroup;
			children = (
				13F464A613A032EA008D423C /* ChecklistController.h */,
				13F464A713A032EA008D423C /* ChecklistController.m */,
			);
			name = Checklist;
			sourceTree = "<group>";
		};
		13F464A913A037BB008D423C /* RowControls */ = {
			isa = PBXGroup;
			children = (
				13F464AA13A037D9008D423C /* RowControlsController.h */,
				13F464AB13A037D9008D423C /* RowControlsController.m */,
			);
			name = RowControls;
			sourceTree = "<group>";
		};
		13F464B513A0383B008D423C /* SearchSections */ = {
			isa = PBXGroup;
			children = (
				1305A51013A03FC0009C3DCF /* sortednames.plist */,
				13F464BB13A0384E008D423C /* NSDictionary-MutableDeepCopy.h */,
				13F464BC13A0384E008D423C /* NSDictionary-MutableDeepCopy.m */,
				13F464B613A03849008D423C /* SectionsViewController.h */,
				13F464B713A03849008D423C /* SectionsViewController.m */,
				13F464B813A03849008D423C /* SectionsViewController.xib */,
			);
			name = SearchSections;
			sourceTree = "<group>";
		};
/* End PBXGroup section */

/* Begin PBXNativeTarget section */
		13F4643813A01007008D423C /* Nav */ = {
			isa = PBXNativeTarget;
			buildConfigurationList = 13F4647513A01007008D423C /* Build configuration list for PBXNativeTarget "Nav" */;
			buildPhases = (
				13F4643513A01007008D423C /* Sources */,
				13F4643613A01007008D423C /* Frameworks */,
				13F4643713A01007008D423C /* Resources */,
			);
			buildRules = (
			);
			dependencies = (
			);
			name = Nav;
			productName = Nav;
			productReference = 13F4643913A01007008D423C /* Nav.app */;
			productType = "com.apple.product-type.application";
		};
		13F4646113A01007008D423C /* NavTests */ = {
			isa = PBXNativeTarget;
			buildConfigurationList = 13F4647813A01007008D423C /* Build configuration list for PBXNativeTarget "NavTests" */;
			buildPhases = (
				13F4645D13A01007008D423C /* Sources */,
				13F4645E13A01007008D423C /* Frameworks */,
				13F4645F13A01007008D423C /* Resources */,
				13F4646013A01007008D423C /* ShellScript */,
			);
			buildRules = (
			);
			dependencies = (
				13F4646713A01007008D423C /* PBXTargetDependency */,
			);
			name = NavTests;
			productName = NavTests;
			productReference = 13F4646213A01007008D423C /* NavTests.octest */;
			productType = "com.apple.product-type.bundle";
		};
/* End PBXNativeTarget section */

/* Begin PBXProject section */
		13F4643013A01007008D423C /* Project object */ = {
			isa = PBXProject;
			attributes = {
				ORGANIZATIONNAME = "Brown University";
			};
			buildConfigurationList = 13F4643313A01007008D423C /* Build configuration list for PBXProject "Nav" */;
			compatibilityVersion = "Xcode 3.2";
			developmentRegion = English;
			hasScannedForEncodings = 0;
			knownRegions = (
				en,
			);
			mainGroup = 13F4642E13A01007008D423C;
			productRefGroup = 13F4643A13A01007008D423C /* Products */;
			projectDirPath = "";
			projectRoot = "";
			targets = (
				13F4643813A01007008D423C /* Nav */,
				13F4646113A01007008D423C /* NavTests */,
			);
		};
/* End PBXProject section */

/* Begin PBXResourcesBuildPhase section */
		13F4643713A01007008D423C /* Resources */ = {
			isa = PBXResourcesBuildPhase;
			buildActionMask = 2147483647;
			files = (
				13F4644813A01007008D423C /* InfoPlist.strings in Resources */,
				13F4645513A01007008D423C /* MainWindow_iPhone.xib in Resources */,
				13F4649113A02082008D423C /* button_down.png in Resources */,
				13F4649213A02082008D423C /* button_up.png in Resources */,
				13F4649313A02082008D423C /* checkmarkControllerIcon.png in Resources */,
				13F4649413A02082008D423C /* deleteMeIcon.png in Resources */,
				13F4649513A02082008D423C /* detailEditIcon.png in Resources */,
				13F4649613A02082008D423C /* disclosureButtonControllerIcon.png in Resources */,
				13F4649713A02082008D423C /* moveMeIcon.png in Resources */,
				13F4649813A02082008D423C /* rowControlsIcon.png in Resources */,
				13F464A413A0214B008D423C /* DisclosureDetailController.xib in Resources */,
				13F464BA13A03849008D423C /* SectionsViewController.xib in Resources */,
				1305A51113A03FC0009C3DCF /* sortednames.plist in Resources */,
			);
			runOnlyForDeploymentPostprocessing = 0;
		};
		13F4645F13A01007008D423C /* Resources */ = {
			isa = PBXResourcesBuildPhase;
			buildActionMask = 2147483647;
			files = (
				13F4646D13A01007008D423C /* InfoPlist.strings in Resources */,
				13F4647013A01007008D423C /* NavTests.h in Resources */,
			);
			runOnlyForDeploymentPostprocessing = 0;
		};
/* End PBXResourcesBuildPhase section */

/* Begin PBXShellScriptBuildPhase section */
		13F4646013A01007008D423C /* ShellScript */ = {
			isa = PBXShellScriptBuildPhase;
			buildActionMask = 2147483647;
			files = (
			);
			inputPaths = (
			);
			outputPaths = (
			);
			runOnlyForDeploymentPostprocessing = 0;
			shellPath = /bin/sh;
			shellScript = "# Run the unit tests in this test bundle.\n\"${SYSTEM_DEVELOPER_DIR}/Tools/RunUnitTests\"\n";
		};
/* End PBXShellScriptBuildPhase section */

/* Begin PBXSourcesBuildPhase section */
		13F4643513A01007008D423C /* Sources */ = {
			isa = PBXSourcesBuildPhase;
			buildActionMask = 2147483647;
			files = (
				13F4644B13A01007008D423C /* main.m in Sources */,
				13F4644E13A01007008D423C /* NavAppDelegate.m in Sources */,
				13F4645213A01007008D423C /* NavAppDelegate_iPhone.m in Sources */,
				13F4648413A0112E008D423C /* RootViewController.m in Sources */,
				13F4648713A0150E008D423C /* SecondLevelViewController.m in Sources */,
				13F4649C13A020EB008D423C /* DisclosureButtonController.m in Sources */,
				13F464A313A0214B008D423C /* DisclosureDetailController.m in Sources */,
				13F464A813A032EA008D423C /* ChecklistController.m in Sources */,
				13F464AC13A037D9008D423C /* RowControlsController.m in Sources */,
				13F464B913A03849008D423C /* SectionsViewController.m in Sources */,
				13F464BD13A0384E008D423C /* NSDictionary-MutableDeepCopy.m in Sources */,
			);
			runOnlyForDeploymentPostprocessing = 0;
		};
		13F4645D13A01007008D423C /* Sources */ = {
			isa = PBXSourcesBuildPhase;
			buildActionMask = 2147483647;
			files = (
				13F4647213A01007008D423C /* NavTests.m in Sources */,
			);
			runOnlyForDeploymentPostprocessing = 0;
		};
/* End PBXSourcesBuildPhase section */

/* Begin PBXTargetDependency section */
		13F4646713A01007008D423C /* PBXTargetDependency */ = {
			isa = PBXTargetDependency;
			target = 13F4643813A01007008D423C /* Nav */;
			targetProxy = 13F4646613A01007008D423C /* PBXContainerItemProxy */;
		};
/* End PBXTargetDependency section */

/* Begin PBXVariantGroup section */
		13F4644613A01007008D423C /* InfoPlist.strings */ = {
			isa = PBXVariantGroup;
			children = (
				13F4644713A01007008D423C /* en */,
			);
			name = InfoPlist.strings;
			sourceTree = "<group>";
		};
		13F4645313A01007008D423C /* MainWindow_iPhone.xib */ = {
			isa = PBXVariantGroup;
			children = (
				13F4645413A01007008D423C /* en */,
			);
			name = MainWindow_iPhone.xib;
			sourceTree = "<group>";
		};
		13F4646B13A01007008D423C /* InfoPlist.strings */ = {
			isa = PBXVariantGroup;
			children = (
				13F4646C13A01007008D423C /* en */,
			);
			name = InfoPlist.strings;
			sourceTree = "<group>";
		};
/* End PBXVariantGroup section */

/* Begin XCBuildConfiguration section */
		13F4647313A01007008D423C /* Debug */ = {
			isa = XCBuildConfiguration;
			buildSettings = {
				ARCHS = "$(ARCHS_STANDARD_32_BIT)";
				"CODE_SIGN_IDENTITY[sdk=iphoneos*]" = "iPhone Developer";
				GCC_C_LANGUAGE_STANDARD = gnu99;
				GCC_OPTIMIZATION_LEVEL = 0;
				GCC_PREPROCESSOR_DEFINITIONS = DEBUG;
				GCC_SYMBOLS_PRIVATE_EXTERN = NO;
				GCC_VERSION = com.apple.compilers.llvmgcc42;
				GCC_WARN_ABOUT_RETURN_TYPE = YES;
				GCC_WARN_UNUSED_VARIABLE = YES;
				IPHONEOS_DEPLOYMENT_TARGET = 4.3;
				SDKROOT = iphoneos;
				STRIP_INSTALLED_PRODUCT = YES;
				TARGETED_DEVICE_FAMILY = 1;
			};
			name = Debug;
		};
		13F4647413A01007008D423C /* Release */ = {
			isa = XCBuildConfiguration;
			buildSettings = {
				ARCHS = "$(ARCHS_STANDARD_32_BIT)";
				"CODE_SIGN_IDENTITY[sdk=iphoneos*]" = "iPhone Developer";
				GCC_C_LANGUAGE_STANDARD = gnu99;
				GCC_VERSION = com.apple.compilers.llvmgcc42;
				GCC_WARN_ABOUT_RETURN_TYPE = YES;
				GCC_WARN_UNUSED_VARIABLE = YES;
				IPHONEOS_DEPLOYMENT_TARGET = 4.3;
				OTHER_CFLAGS = "-DNS_BLOCK_ASSERTIONS=1";
				SDKROOT = iphoneos;
				STRIP_INSTALLED_PRODUCT = YES;
				TARGETED_DEVICE_FAMILY = 1;
			};
			name = Release;
		};
		13F4647613A01007008D423C /* Debug */ = {
			isa = XCBuildConfiguration;
			buildSettings = {
				ALWAYS_SEARCH_USER_PATHS = NO;
				COPY_PHASE_STRIP = NO;
				GCC_DYNAMIC_NO_PIC = NO;
				GCC_PRECOMPILE_PREFIX_HEADER = YES;
				GCC_PREFIX_HEADER = "Nav/Nav-Prefix.pch";
				INFOPLIST_FILE = "Nav/Nav-Info.plist";
				IPHONEOS_DEPLOYMENT_TARGET = 4.3;
				PRODUCT_NAME = "$(TARGET_NAME)";
				TARGETED_DEVICE_FAMILY = 1;
				WRAPPER_EXTENSION = app;
			};
			name = Debug;
		};
		13F4647713A01007008D423C /* Release */ = {
			isa = XCBuildConfiguration;
			buildSettings = {
				ALWAYS_SEARCH_USER_PATHS = NO;
				COPY_PHASE_STRIP = YES;
				GCC_PRECOMPILE_PREFIX_HEADER = YES;
				GCC_PREFIX_HEADER = "Nav/Nav-Prefix.pch";
				INFOPLIST_FILE = "Nav/Nav-Info.plist";
				IPHONEOS_DEPLOYMENT_TARGET = 4.3;
				PRODUCT_NAME = "$(TARGET_NAME)";
				TARGETED_DEVICE_FAMILY = 1;
				VALIDATE_PRODUCT = YES;
				WRAPPER_EXTENSION = app;
			};
			name = Release;
		};
		13F4647913A01007008D423C /* Debug */ = {
			isa = XCBuildConfiguration;
			buildSettings = {
				ALWAYS_SEARCH_USER_PATHS = NO;
				BUNDLE_LOADER = "$(BUILT_PRODUCTS_DIR)/Nav.app/Nav";
				FRAMEWORK_SEARCH_PATHS = (
					"$(SDKROOT)/Developer/Library/Frameworks",
					"$(DEVELOPER_LIBRARY_DIR)/Frameworks",
				);
				GCC_PRECOMPILE_PREFIX_HEADER = YES;
				GCC_PREFIX_HEADER = "NavTests/NavTests-Prefix.pch";
				INFOPLIST_FILE = "NavTests/NavTests-Info.plist";
				OTHER_LDFLAGS = (
					"-framework",
					SenTestingKit,
				);
				PRODUCT_NAME = "$(TARGET_NAME)";
				TEST_HOST = "$(BUNDLE_LOADER)";
				WRAPPER_EXTENSION = octest;
			};
			name = Debug;
		};
		13F4647A13A01007008D423C /* Release */ = {
			isa = XCBuildConfiguration;
			buildSettings = {
				ALWAYS_SEARCH_USER_PATHS = NO;
				BUNDLE_LOADER = "$(BUILT_PRODUCTS_DIR)/Nav.app/Nav";
				FRAMEWORK_SEARCH_PATHS = (
					"$(SDKROOT)/Developer/Library/Frameworks",
					"$(DEVELOPER_LIBRARY_DIR)/Frameworks",
				);
				GCC_PRECOMPILE_PREFIX_HEADER = YES;
				GCC_PREFIX_HEADER = "NavTests/NavTests-Prefix.pch";
				INFOPLIST_FILE = "NavTests/NavTests-Info.plist";
				OTHER_LDFLAGS = (
					"-framework",
					SenTestingKit,
				);
				PRODUCT_NAME = "$(TARGET_NAME)";
				TEST_HOST = "$(BUNDLE_LOADER)";
				WRAPPER_EXTENSION = octest;
			};
			name = Release;
		};
/* End XCBuildConfiguration section */

/* Begin XCConfigurationList section */
		13F4643313A01007008D423C /* Build configuration list for PBXProject "Nav" */ = {
			isa = XCConfigurationList;
			buildConfigurations = (
				13F4647313A01007008D423C /* Debug */,
				13F4647413A01007008D423C /* Release */,
			);
			defaultConfigurationIsVisible = 0;
			defaultConfigurationName = Release;
		};
		13F4647513A01007008D423C /* Build configuration list for PBXNativeTarget "Nav" */ = {
			isa = XCConfigurationList;
			buildConfigurations = (
				13F4647613A01007008D423C /* Debug */,
				13F4647713A01007008D423C /* Release */,
			);
			defaultConfigurationIsVisible = 0;
			defaultConfigurationName = Release;
		};
		13F4647813A01007008D423C /* Build configuration list for PBXNativeTarget "NavTests" */ = {
			isa = XCConfigurationList;
			buildConfigurations = (
				13F4647913A01007008D423C /* Debug */,
				13F4647A13A01007008D423C /* Release */,
			);
			defaultConfigurationIsVisible = 0;
			defaultConfigurationName = Release;
		};
/* End XCConfigurationList section */
	};
	rootObject = 13F4643013A01007008D423C /* Project object */;
}
