// !$*UTF8*$!
{
	archiveVersion = 1;
	classes = {
	};
	objectVersion = 46;
	objects = {

/* Begin PBXBuildFile section */
		13623D32139EA30F00F8671B /* UIKit.framework in Frameworks */ = {isa = PBXBuildFile; fileRef = 13623D31139EA30F00F8671B /* UIKit.framework */; };
		13623D34139EA30F00F8671B /* Foundation.framework in Frameworks */ = {isa = PBXBuildFile; fileRef = 13623D33139EA30F00F8671B /* Foundation.framework */; };
		13623D36139EA30F00F8671B /* CoreGraphics.framework in Frameworks */ = {isa = PBXBuildFile; fileRef = 13623D35139EA30F00F8671B /* CoreGraphics.framework */; };
		13623D3C139EA30F00F8671B /* InfoPlist.strings in Resources */ = {isa = PBXBuildFile; fileRef = 13623D3A139EA30F00F8671B /* InfoPlist.strings */; };
		13623D3F139EA30F00F8671B /* main.m in Sources */ = {isa = PBXBuildFile; fileRef = 13623D3E139EA30F00F8671B /* main.m */; };
		13623D42139EA30F00F8671B /* CellsAppDelegate.m in Sources */ = {isa = PBXBuildFile; fileRef = 13623D41139EA30F00F8671B /* CellsAppDelegate.m */; };
		13623D45139EA30F00F8671B /* MainWindow.xib in Resources */ = {isa = PBXBuildFile; fileRef = 13623D43139EA30F00F8671B /* MainWindow.xib */; };
		13623D48139EA30F00F8671B /* CellsViewController.m in Sources */ = {isa = PBXBuildFile; fileRef = 13623D47139EA30F00F8671B /* CellsViewController.m */; };
		13623D4B139EA30F00F8671B /* CellsViewController.xib in Resources */ = {isa = PBXBuildFile; fileRef = 13623D49139EA30F00F8671B /* CellsViewController.xib */; };
		13623D52139EA30F00F8671B /* UIKit.framework in Frameworks */ = {isa = PBXBuildFile; fileRef = 13623D31139EA30F00F8671B /* UIKit.framework */; };
		13623D53139EA30F00F8671B /* Foundation.framework in Frameworks */ = {isa = PBXBuildFile; fileRef = 13623D33139EA30F00F8671B /* Foundation.framework */; };
		13623D54139EA30F00F8671B /* CoreGraphics.framework in Frameworks */ = {isa = PBXBuildFile; fileRef = 13623D35139EA30F00F8671B /* CoreGraphics.framework */; };
		13623D5C139EA30F00F8671B /* InfoPlist.strings in Resources */ = {isa = PBXBuildFile; fileRef = 13623D5A139EA30F00F8671B /* InfoPlist.strings */; };
		13623D5F139EA30F00F8671B /* CellsTests.h in Resources */ = {isa = PBXBuildFile; fileRef = 13623D5E139EA30F00F8671B /* CellsTests.h */; };
		13623D61139EA30F00F8671B /* CellsTests.m in Sources */ = {isa = PBXBuildFile; fileRef = 13623D60139EA30F00F8671B /* CellsTests.m */; };
		13623D6D139EA86D00F8671B /* CustomCell.m in Sources */ = {isa = PBXBuildFile; fileRef = 13623D6B139EA86D00F8671B /* CustomCell.m */; };
		13623D6E139EA86D00F8671B /* CustomCell.xib in Resources */ = {isa = PBXBuildFile; fileRef = 13623D6C139EA86D00F8671B /* CustomCell.xib */; };
/* End PBXBuildFile section */

/* Begin PBXContainerItemProxy section */
		13623D55139EA30F00F8671B /* PBXContainerItemProxy */ = {
			isa = PBXContainerItemProxy;
			containerPortal = 13623D24139EA30F00F8671B /* Project object */;
			proxyType = 1;
			remoteGlobalIDString = 13623D2C139EA30F00F8671B;
			remoteInfo = Cells;
		};
/* End PBXContainerItemProxy section */

/* Begin PBXFileReference section */
		13623D2D139EA30F00F8671B /* Cells.app */ = {isa = PBXFileReference; explicitFileType = wrapper.application; includeInIndex = 0; path = Cells.app; sourceTree = BUILT_PRODUCTS_DIR; };
		13623D31139EA30F00F8671B /* UIKit.framework */ = {isa = PBXFileReference; lastKnownFileType = wrapper.framework; name = UIKit.framework; path = System/Library/Frameworks/UIKit.framework; sourceTree = SDKROOT; };
		13623D33139EA30F00F8671B /* Foundation.framework */ = {isa = PBXFileReference; lastKnownFileType = wrapper.framework; name = Foundation.framework; path = System/Library/Frameworks/Foundation.framework; sourceTree = SDKROOT; };
		13623D35139EA30F00F8671B /* CoreGraphics.framework */ = {isa = PBXFileReference; lastKnownFileType = wrapper.framework; name = CoreGraphics.framework; path = System/Library/Frameworks/CoreGraphics.framework; sourceTree = SDKROOT; };
		13623D39139EA30F00F8671B /* Cells-Info.plist */ = {isa = PBXFileReference; lastKnownFileType = text.plist.xml; path = "Cells-Info.plist"; sourceTree = "<group>"; };
		13623D3B139EA30F00F8671B /* en */ = {isa = PBXFileReference; lastKnownFileType = text.plist.strings; name = en; path = en.lproj/InfoPlist.strings; sourceTree = "<group>"; };
		13623D3D139EA30F00F8671B /* Cells-Prefix.pch */ = {isa = PBXFileReference; lastKnownFileType = sourcecode.c.h; path = "Cells-Prefix.pch"; sourceTree = "<group>"; };
		13623D3E139EA30F00F8671B /* main.m */ = {isa = PBXFileReference; lastKnownFileType = sourcecode.c.objc; path = main.m; sourceTree = "<group>"; };
		13623D40139EA30F00F8671B /* CellsAppDelegate.h */ = {isa = PBXFileReference; lastKnownFileType = sourcecode.c.h; path = CellsAppDelegate.h; sourceTree = "<group>"; };
		13623D41139EA30F00F8671B /* CellsAppDelegate.m */ = {isa = PBXFileReference; lastKnownFileType = sourcecode.c.objc; path = CellsAppDelegate.m; sourceTree = "<group>"; };
		13623D44139EA30F00F8671B /* en */ = {isa = PBXFileReference; lastKnownFileType = file.xib; name = en; path = en.lproj/MainWindow.xib; sourceTree = "<group>"; };
		13623D46139EA30F00F8671B /* CellsViewController.h */ = {isa = PBXFileReference; lastKnownFileType = sourcecode.c.h; path = CellsViewController.h; sourceTree = "<group>"; };
		13623D47139EA30F00F8671B /* CellsViewController.m */ = {isa = PBXFileReference; lastKnownFileType = sourcecode.c.objc; path = CellsViewController.m; sourceTree = "<group>"; };
		13623D4A139EA30F00F8671B /* en */ = {isa = PBXFileReference; lastKnownFileType = file.xib; name = en; path = en.lproj/CellsViewController.xib; sourceTree = "<group>"; };
		13623D51139EA30F00F8671B /* CellsTests.octest */ = {isa = PBXFileReference; explicitFileType = wrapper.cfbundle; includeInIndex = 0; path = CellsTests.octest; sourceTree = BUILT_PRODUCTS_DIR; };
		13623D59139EA30F00F8671B /* CellsTests-Info.plist */ = {isa = PBXFileReference; lastKnownFileType = text.plist.xml; path = "CellsTests-Info.plist"; sourceTree = "<group>"; };
		13623D5B139EA30F00F8671B /* en */ = {isa = PBXFileReference; lastKnownFileType = text.plist.strings; name = en; path = en.lproj/InfoPlist.strings; sourceTree = "<group>"; };
		13623D5D139EA30F00F8671B /* CellsTests-Prefix.pch */ = {isa = PBXFileReference; lastKnownFileType = sourcecode.c.h; path = "CellsTests-Prefix.pch"; sourceTree = "<group>"; };
		13623D5E139EA30F00F8671B /* CellsTests.h */ = {isa = PBXFileReference; lastKnownFileType = sourcecode.c.h; path = CellsTests.h; sourceTree = "<group>"; };
		13623D60139EA30F00F8671B /* CellsTests.m */ = {isa = PBXFileReference; lastKnownFileType = sourcecode.c.objc; path = CellsTests.m; sourceTree = "<group>"; };
		13623D6A139EA86D00F8671B /* CustomCell.h */ = {isa = PBXFileReference; fileEncoding = 4; lastKnownFileType = sourcecode.c.h; path = CustomCell.h; sourceTree = "<group>"; };
		13623D6B139EA86D00F8671B /* CustomCell.m */ = {isa = PBXFileReference; fileEncoding = 4; lastKnownFileType = sourcecode.c.objc; path = CustomCell.m; sourceTree = "<group>"; };
		13623D6C139EA86D00F8671B /* CustomCell.xib */ = {isa = PBXFileReference; fileEncoding = 4; lastKnownFileType = file.xib; path = CustomCell.xib; sourceTree = "<group>"; };
/* End PBXFileReference section */

/* Begin PBXFrameworksBuildPhase section */
		13623D2A139EA30F00F8671B /* Frameworks */ = {
			isa = PBXFrameworksBuildPhase;
			buildActionMask = 2147483647;
			files = (
				13623D32139EA30F00F8671B /* UIKit.framework in Frameworks */,
				13623D34139EA30F00F8671B /* Foundation.framework in Frameworks */,
				13623D36139EA30F00F8671B /* CoreGraphics.framework in Frameworks */,
			);
			runOnlyForDeploymentPostprocessing = 0;
		};
		13623D4D139EA30F00F8671B /* Frameworks */ = {
			isa = PBXFrameworksBuildPhase;
			buildActionMask = 2147483647;
			files = (
				13623D52139EA30F00F8671B /* UIKit.framework in Frameworks */,
				13623D53139EA30F00F8671B /* Foundation.framework in Frameworks */,
				13623D54139EA30F00F8671B /* CoreGraphics.framework in Frameworks */,
			);
			runOnlyForDeploymentPostprocessing = 0;
		};
/* End PBXFrameworksBuildPhase section */

/* Begin PBXGroup section */
		13623D22139EA30F00F8671B = {
			isa = PBXGroup;
			children = (
				13623D37139EA30F00F8671B /* Cells */,
				13623D57139EA30F00F8671B /* CellsTests */,
				13623D30139EA30F00F8671B /* Frameworks */,
				13623D2E139EA30F00F8671B /* Products */,
			);
			sourceTree = "<group>";
		};
		13623D2E139EA30F00F8671B /* Products */ = {
			isa = PBXGroup;
			children = (
				13623D2D139EA30F00F8671B /* Cells.app */,
				13623D51139EA30F00F8671B /* CellsTests.octest */,
			);
			name = Products;
			sourceTree = "<group>";
		};
		13623D30139EA30F00F8671B /* Frameworks */ = {
			isa = PBXGroup;
			children = (
				13623D31139EA30F00F8671B /* UIKit.framework */,
				13623D33139EA30F00F8671B /* Foundation.framework */,
				13623D35139EA30F00F8671B /* CoreGraphics.framework */,
			);
			name = Frameworks;
			sourceTree = "<group>";
		};
		13623D37139EA30F00F8671B /* Cells */ = {
			isa = PBXGroup;
			children = (
				13623D40139EA30F00F8671B /* CellsAppDelegate.h */,
				13623D41139EA30F00F8671B /* CellsAppDelegate.m */,
				13623D43139EA30F00F8671B /* MainWindow.xib */,
				13623D46139EA30F00F8671B /* CellsViewController.h */,
				13623D47139EA30F00F8671B /* CellsViewController.m */,
				13623D49139EA30F00F8671B /* CellsViewController.xib */,
				13623D38139EA30F00F8671B /* Supporting Files */,
				13623D6A139EA86D00F8671B /* CustomCell.h */,
				13623D6B139EA86D00F8671B /* CustomCell.m */,
				13623D6C139EA86D00F8671B /* CustomCell.xib */,
			);
			path = Cells;
			sourceTree = "<group>";
		};
		13623D38139EA30F00F8671B /* Supporting Files */ = {
			isa = PBXGroup;
			children = (
				13623D39139EA30F00F8671B /* Cells-Info.plist */,
				13623D3A139EA30F00F8671B /* InfoPlist.strings */,
				13623D3D139EA30F00F8671B /* Cells-Prefix.pch */,
				13623D3E139EA30F00F8671B /* main.m */,
			);
			name = "Supporting Files";
			sourceTree = "<group>";
		};
		13623D57139EA30F00F8671B /* CellsTests */ = {
			isa = PBXGroup;
			children = (
				13623D5E139EA30F00F8671B /* CellsTests.h */,
				13623D60139EA30F00F8671B /* CellsTests.m */,
				13623D58139EA30F00F8671B /* Supporting Files */,
			);
			path = CellsTests;
			sourceTree = "<group>";
		};
		13623D58139EA30F00F8671B /* Supporting Files */ = {
			isa = PBXGroup;
			children = (
				13623D59139EA30F00F8671B /* CellsTests-Info.plist */,
				13623D5A139EA30F00F8671B /* InfoPlist.strings */,
				13623D5D139EA30F00F8671B /* CellsTests-Prefix.pch */,
			);
			name = "Supporting Files";
			sourceTree = "<group>";
		};
/* End PBXGroup section */

/* Begin PBXNativeTarget section */
		13623D2C139EA30F00F8671B /* Cells */ = {
			isa = PBXNativeTarget;
			buildConfigurationList = 13623D64139EA30F00F8671B /* Build configuration list for PBXNativeTarget "Cells" */;
			buildPhases = (
				13623D29139EA30F00F8671B /* Sources */,
				13623D2A139EA30F00F8671B /* Frameworks */,
				13623D2B139EA30F00F8671B /* Resources */,
			);
			buildRules = (
			);
			dependencies = (
			);
			name = Cells;
			productName = Cells;
			productReference = 13623D2D139EA30F00F8671B /* Cells.app */;
			productType = "com.apple.product-type.application";
		};
		13623D50139EA30F00F8671B /* CellsTests */ = {
			isa = PBXNativeTarget;
			buildConfigurationList = 13623D67139EA30F00F8671B /* Build configuration list for PBXNativeTarget "CellsTests" */;
			buildPhases = (
				13623D4C139EA30F00F8671B /* Sources */,
				13623D4D139EA30F00F8671B /* Frameworks */,
				13623D4E139EA30F00F8671B /* Resources */,
				13623D4F139EA30F00F8671B /* ShellScript */,
			);
			buildRules = (
			);
			dependencies = (
				13623D56139EA30F00F8671B /* PBXTargetDependency */,
			);
			name = CellsTests;
			productName = CellsTests;
			productReference = 13623D51139EA30F00F8671B /* CellsTests.octest */;
			productType = "com.apple.product-type.bundle";
		};
/* End PBXNativeTarget section */

/* Begin PBXProject section */
		13623D24139EA30F00F8671B /* Project object */ = {
			isa = PBXProject;
			attributes = {
				ORGANIZATIONNAME = "Brown University";
			};
			buildConfigurationList = 13623D27139EA30F00F8671B /* Build configuration list for PBXProject "Cells" */;
			compatibilityVersion = "Xcode 3.2";
			developmentRegion = English;
			hasScannedForEncodings = 0;
			knownRegions = (
				en,
			);
			mainGroup = 13623D22139EA30F00F8671B;
			productRefGroup = 13623D2E139EA30F00F8671B /* Products */;
			projectDirPath = "";
			projectRoot = "";
			targets = (
				13623D2C139EA30F00F8671B /* Cells */,
				13623D50139EA30F00F8671B /* CellsTests */,
			);
		};
/* End PBXProject section */

/* Begin PBXResourcesBuildPhase section */
		13623D2B139EA30F00F8671B /* Resources */ = {
			isa = PBXResourcesBuildPhase;
			buildActionMask = 2147483647;
			files = (
				13623D3C139EA30F00F8671B /* InfoPlist.strings in Resources */,
				13623D45139EA30F00F8671B /* MainWindow.xib in Resources */,
				13623D4B139EA30F00F8671B /* CellsViewController.xib in Resources */,
				13623D6E139EA86D00F8671B /* CustomCell.xib in Resources */,
			);
			runOnlyForDeploymentPostprocessing = 0;
		};
		13623D4E139EA30F00F8671B /* Resources */ = {
			isa = PBXResourcesBuildPhase;
			buildActionMask = 2147483647;
			files = (
				13623D5C139EA30F00F8671B /* InfoPlist.strings in Resources */,
				13623D5F139EA30F00F8671B /* CellsTests.h in Resources */,
			);
			runOnlyForDeploymentPostprocessing = 0;
		};
/* End PBXResourcesBuildPhase section */

/* Begin PBXShellScriptBuildPhase section */
		13623D4F139EA30F00F8671B /* ShellScript */ = {
			isa = PBXShellScriptBuildPhase;
			buildActionMask = 2147483647;
			files = (
			);
			inputPaths = (
			);
			outputPaths = (
			);
			runOnlyForDeploymentPostprocessing = 0;
			shellPath = /bin/sh;
			shellScript = "# Run the unit tests in this test bundle.\n\"${SYSTEM_DEVELOPER_DIR}/Tools/RunUnitTests\"\n";
		};
/* End PBXShellScriptBuildPhase section */

/* Begin PBXSourcesBuildPhase section */
		13623D29139EA30F00F8671B /* Sources */ = {
			isa = PBXSourcesBuildPhase;
			buildActionMask = 2147483647;
			files = (
				13623D3F139EA30F00F8671B /* main.m in Sources */,
				13623D42139EA30F00F8671B /* CellsAppDelegate.m in Sources */,
				13623D48139EA30F00F8671B /* CellsViewController.m in Sources */,
				13623D6D139EA86D00F8671B /* CustomCell.m in Sources */,
			);
			runOnlyForDeploymentPostprocessing = 0;
		};
		13623D4C139EA30F00F8671B /* Sources */ = {
			isa = PBXSourcesBuildPhase;
			buildActionMask = 2147483647;
			files = (
				13623D61139EA30F00F8671B /* CellsTests.m in Sources */,
			);
			runOnlyForDeploymentPostprocessing = 0;
		};
/* End PBXSourcesBuildPhase section */

/* Begin PBXTargetDependency section */
		13623D56139EA30F00F8671B /* PBXTargetDependency */ = {
			isa = PBXTargetDependency;
			target = 13623D2C139EA30F00F8671B /* Cells */;
			targetProxy = 13623D55139EA30F00F8671B /* PBXContainerItemProxy */;
		};
/* End PBXTargetDependency section */

/* Begin PBXVariantGroup section */
		13623D3A139EA30F00F8671B /* InfoPlist.strings */ = {
			isa = PBXVariantGroup;
			children = (
				13623D3B139EA30F00F8671B /* en */,
			);
			name = InfoPlist.strings;
			sourceTree = "<group>";
		};
		13623D43139EA30F00F8671B /* MainWindow.xib */ = {
			isa = PBXVariantGroup;
			children = (
				13623D44139EA30F00F8671B /* en */,
			);
			name = MainWindow.xib;
			sourceTree = "<group>";
		};
		13623D49139EA30F00F8671B /* CellsViewController.xib */ = {
			isa = PBXVariantGroup;
			children = (
				13623D4A139EA30F00F8671B /* en */,
			);
			name = CellsViewController.xib;
			sourceTree = "<group>";
		};
		13623D5A139EA30F00F8671B /* InfoPlist.strings */ = {
			isa = PBXVariantGroup;
			children = (
				13623D5B139EA30F00F8671B /* en */,
			);
			name = InfoPlist.strings;
			sourceTree = "<group>";
		};
/* End PBXVariantGroup section */

/* Begin XCBuildConfiguration section */
		13623D62139EA30F00F8671B /* Debug */ = {
			isa = XCBuildConfiguration;
			buildSettings = {
				ARCHS = "$(ARCHS_STANDARD_32_BIT)";
				"CODE_SIGN_IDENTITY[sdk=iphoneos*]" = "iPhone Developer";
				GCC_C_LANGUAGE_STANDARD = gnu99;
				GCC_OPTIMIZATION_LEVEL = 0;
				GCC_PREPROCESSOR_DEFINITIONS = DEBUG;
				GCC_SYMBOLS_PRIVATE_EXTERN = NO;
				GCC_VERSION = com.apple.compilers.llvmgcc42;
				GCC_WARN_ABOUT_RETURN_TYPE = YES;
				GCC_WARN_UNUSED_VARIABLE = YES;
				IPHONEOS_DEPLOYMENT_TARGET = 4.3;
				SDKROOT = iphoneos;
			};
			name = Debug;
		};
		13623D63139EA30F00F8671B /* Release */ = {
			isa = XCBuildConfiguration;
			buildSettings = {
				ARCHS = "$(ARCHS_STANDARD_32_BIT)";
				"CODE_SIGN_IDENTITY[sdk=iphoneos*]" = "iPhone Developer";
				GCC_C_LANGUAGE_STANDARD = gnu99;
				GCC_VERSION = com.apple.compilers.llvmgcc42;
				GCC_WARN_ABOUT_RETURN_TYPE = YES;
				GCC_WARN_UNUSED_VARIABLE = YES;
				IPHONEOS_DEPLOYMENT_TARGET = 4.3;
				OTHER_CFLAGS = "-DNS_BLOCK_ASSERTIONS=1";
				SDKROOT = iphoneos;
			};
			name = Release;
		};
		13623D65139EA30F00F8671B /* Debug */ = {
			isa = XCBuildConfiguration;
			buildSettings = {
				ALWAYS_SEARCH_USER_PATHS = NO;
				COPY_PHASE_STRIP = NO;
				GCC_DYNAMIC_NO_PIC = NO;
				GCC_PRECOMPILE_PREFIX_HEADER = YES;
				GCC_PREFIX_HEADER = "Cells/Cells-Prefix.pch";
				INFOPLIST_FILE = "Cells/Cells-Info.plist";
				PRODUCT_NAME = "$(TARGET_NAME)";
				WRAPPER_EXTENSION = app;
			};
			name = Debug;
		};
		13623D66139EA30F00F8671B /* Release */ = {
			isa = XCBuildConfiguration;
			buildSettings = {
				ALWAYS_SEARCH_USER_PATHS = NO;
				COPY_PHASE_STRIP = YES;
				GCC_PRECOMPILE_PREFIX_HEADER = YES;
				GCC_PREFIX_HEADER = "Cells/Cells-Prefix.pch";
				INFOPLIST_FILE = "Cells/Cells-Info.plist";
				PRODUCT_NAME = "$(TARGET_NAME)";
				VALIDATE_PRODUCT = YES;
				WRAPPER_EXTENSION = app;
			};
			name = Release;
		};
		13623D68139EA30F00F8671B /* Debug */ = {
			isa = XCBuildConfiguration;
			buildSettings = {
				ALWAYS_SEARCH_USER_PATHS = NO;
				BUNDLE_LOADER = "$(BUILT_PRODUCTS_DIR)/Cells.app/Cells";
				FRAMEWORK_SEARCH_PATHS = (
					"$(SDKROOT)/Developer/Library/Frameworks",
					"$(DEVELOPER_LIBRARY_DIR)/Frameworks",
				);
				GCC_PRECOMPILE_PREFIX_HEADER = YES;
				GCC_PREFIX_HEADER = "CellsTests/CellsTests-Prefix.pch";
				INFOPLIST_FILE = "CellsTests/CellsTests-Info.plist";
				OTHER_LDFLAGS = (
					"-framework",
					SenTestingKit,
				);
				PRODUCT_NAME = "$(TARGET_NAME)";
				TEST_HOST = "$(BUNDLE_LOADER)";
				WRAPPER_EXTENSION = octest;
			};
			name = Debug;
		};
		13623D69139EA30F00F8671B /* Release */ = {
			isa = XCBuildConfiguration;
			buildSettings = {
				ALWAYS_SEARCH_USER_PATHS = NO;
				BUNDLE_LOADER = "$(BUILT_PRODUCTS_DIR)/Cells.app/Cells";
				FRAMEWORK_SEARCH_PATHS = (
					"$(SDKROOT)/Developer/Library/Frameworks",
					"$(DEVELOPER_LIBRARY_DIR)/Frameworks",
				);
				GCC_PRECOMPILE_PREFIX_HEADER = YES;
				GCC_PREFIX_HEADER = "CellsTests/CellsTests-Prefix.pch";
				INFOPLIST_FILE = "CellsTests/CellsTests-Info.plist";
				OTHER_LDFLAGS = (
					"-framework",
					SenTestingKit,
				);
				PRODUCT_NAME = "$(TARGET_NAME)";
				TEST_HOST = "$(BUNDLE_LOADER)";
				WRAPPER_EXTENSION = octest;
			};
			name = Release;
		};
/* End XCBuildConfiguration section */

/* Begin XCConfigurationList section */
		13623D27139EA30F00F8671B /* Build configuration list for PBXProject "Cells" */ = {
			isa = XCConfigurationList;
			buildConfigurations = (
				13623D62139EA30F00F8671B /* Debug */,
				13623D63139EA30F00F8671B /* Release */,
			);
			defaultConfigurationIsVisible = 0;
			defaultConfigurationName = Release;
		};
		13623D64139EA30F00F8671B /* Build configuration list for PBXNativeTarget "Cells" */ = {
			isa = XCConfigurationList;
			buildConfigurations = (
				13623D65139EA30F00F8671B /* Debug */,
				13623D66139EA30F00F8671B /* Release */,
			);
			defaultConfigurationIsVisible = 0;
		};
		13623D67139EA30F00F8671B /* Build configuration list for PBXNativeTarget "CellsTests" */ = {
			isa = XCConfigurationList;
			buildConfigurations = (
				13623D68139EA30F00F8671B /* Debug */,
				13623D69139EA30F00F8671B /* Release */,
			);
			defaultConfigurationIsVisible = 0;
		};
/* End XCConfigurationList section */
	};
	rootObject = 13623D24139EA30F00F8671B /* Project object */;
}
